
Microsoft Visual Studio Solution File, Format Version 12.00
# Visual Studio Version 16
VisualStudioVersion = 16.0.30523.141
MinimumVisualStudioVersion = 10.0.40219.1
Project("{FAE04EC0-301F-11D3-BF4B-00C04F79EFBC}") = "ChessMates", "ChessMates\ChessMates.csproj", "{F886A2EB-F7AC-492A-81C0-C9884894B642}"
EndProject
Project("{2150E333-8FDC-42A3-9474-1A3956D46DE8}") = "Solution Items", "Solution Items", "{BCBA8DDE-5EBB-4D56-A989-3B5FC73E1170}"
	ProjectSection(SolutionItems) = preProject
		.editorconfig = .editorconfig
	EndProjectSection
EndProject
Global
	GlobalSection(SolutionConfigurationPlatforms) = preSolution
		Debug|Any CPU = Debug|Any CPU
		Release|Any CPU = Release|Any CPU
	EndGlobalSection
	GlobalSection(ProjectConfigurationPlatforms) = postSolution
		{F886A2EB-F7AC-492A-81C0-C9884894B642}.Debug|Any CPU.ActiveCfg = Debug|Any CPU
		{F886A2EB-F7AC-492A-81C0-C9884894B642}.Debug|Any CPU.Build.0 = Debug|Any CPU
		{F886A2EB-F7AC-492A-81C0-C9884894B642}.Release|Any CPU.ActiveCfg = Release|Any CPU
		{F886A2EB-F7AC-492A-81C0-C9884894B642}.Release|Any CPU.Build.0 = Release|Any CPU
	EndGlobalSection
	GlobalSection(SolutionProperties) = preSolution
		HideSolutionNode = FALSE
	EndGlobalSection
	GlobalSection(ExtensibilityGlobals) = postSolution
		SolutionGuid = {EC178FB2-C611-4A55-80D9-1CAD3F4BAB8D}
	EndGlobalSection
EndGlobal
